
Microsoft Visual Studio Solution File, Format Version 12.00
# Visual Studio Version 17
VisualStudioVersion = 17.8.34330.188
MinimumVisualStudioVersion = 10.0.40219.1
Project("{FAE04EC0-301F-11D3-BF4B-00C04F79EFBC}") = "PSPM_MathQuiz.Android", "PSPM_MathQuiz\PSPM_MathQuiz.Android\PSPM_MathQuiz.Android.csproj", "{CABDA1E3-54B2-45A0-B4EE-7EC4DF4B19B5}"
EndProject
Project("{FAE04EC0-301F-11D3-BF4B-00C04F79EFBC}") = "PSPM_MathQuiz", "PSPM_MathQuiz\PSPM_MathQuiz\PSPM_MathQuiz.csproj", "{37B27410-6AC8-47E1-8A39-FC96897DA05A}"
EndProject
Global
	GlobalSection(SolutionConfigurationPlatforms) = preSolution
		Debug|Any CPU = Debug|Any CPU
		Release|Any CPU = Release|Any CPU
	EndGlobalSection
	GlobalSection(ProjectConfigurationPlatforms) = postSolution
		{CABDA1E3-54B2-45A0-B4EE-7EC4DF4B19B5}.Debug|Any CPU.ActiveCfg = Debug|Any CPU
		{CABDA1E3-54B2-45A0-B4EE-7EC4DF4B19B5}.Debug|Any CPU.Build.0 = Debug|Any CPU
		{CABDA1E3-54B2-45A0-B4EE-7EC4DF4B19B5}.Debug|Any CPU.Deploy.0 = Debug|Any CPU
		{CABDA1E3-54B2-45A0-B4EE-7EC4DF4B19B5}.Release|Any CPU.ActiveCfg = Release|Any CPU
		{CABDA1E3-54B2-45A0-B4EE-7EC4DF4B19B5}.Release|Any CPU.Build.0 = Release|Any CPU
		{CABDA1E3-54B2-45A0-B4EE-7EC4DF4B19B5}.Release|Any CPU.Deploy.0 = Release|Any CPU
		{37B27410-6AC8-47E1-8A39-FC96897DA05A}.Debug|Any CPU.ActiveCfg = Debug|Any CPU
		{37B27410-6AC8-47E1-8A39-FC96897DA05A}.Debug|Any CPU.Build.0 = Debug|Any CPU
		{37B27410-6AC8-47E1-8A39-FC96897DA05A}.Debug|Any CPU.Deploy.0 = Debug|Any CPU
		{37B27410-6AC8-47E1-8A39-FC96897DA05A}.Release|Any CPU.ActiveCfg = Release|Any CPU
		{37B27410-6AC8-47E1-8A39-FC96897DA05A}.Release|Any CPU.Build.0 = Release|Any CPU
		{37B27410-6AC8-47E1-8A39-FC96897DA05A}.Release|Any CPU.Deploy.0 = Release|Any CPU
	EndGlobalSection
	GlobalSection(SolutionProperties) = preSolution
		HideSolutionNode = FALSE
	EndGlobalSection
	GlobalSection(ExtensibilityGlobals) = postSolution
		SolutionGuid = {A53CA6FF-EF6D-4292-95FC-85CB07174618}
	EndGlobalSection
EndGlobal
